
Microsoft Visual Studio Solution File, Format Version 12.00
# Visual Studio Version 17
VisualStudioVersion = 17.2.32516.85
MinimumVisualStudioVersion = 10.0.40219.1
Project("{FAE04EC0-301F-11D3-BF4B-00C04F79EFBC}") = "Ejercicio15", "Ejercicio15\Ejercicio15.csproj", "{D0C6A97B-FEFE-4D20-B3ED-7F7C09AD7EAF}"
EndProject
Global
	GlobalSection(SolutionConfigurationPlatforms) = preSolution
		Debug|Any CPU = Debug|Any CPU
		Release|Any CPU = Release|Any CPU
	EndGlobalSection
	GlobalSection(ProjectConfigurationPlatforms) = postSolution
		{D0C6A97B-FEFE-4D20-B3ED-7F7C09AD7EAF}.Debug|Any CPU.ActiveCfg = Debug|Any CPU
		{D0C6A97B-FEFE-4D20-B3ED-7F7C09AD7EAF}.Debug|Any CPU.Build.0 = Debug|Any CPU
		{D0C6A97B-FEFE-4D20-B3ED-7F7C09AD7EAF}.Release|Any CPU.ActiveCfg = Release|Any CPU
		{D0C6A97B-FEFE-4D20-B3ED-7F7C09AD7EAF}.Release|Any CPU.Build.0 = Release|Any CPU
	EndGlobalSection
	GlobalSection(SolutionProperties) = preSolution
		HideSolutionNode = FALSE
	EndGlobalSection
	GlobalSection(ExtensibilityGlobals) = postSolution
		SolutionGuid = {B7B119D3-9F2C-461C-8245-D277370509DC}
	EndGlobalSection
EndGlobal
